<?xml version="1.0" encoding="UTF-8" standalone="yes" ?>
<CodeBlocks_project_file>
	<FileVersion major="1" minor="6" />
	<Project>
		<Option title="stag" />
		<Option pch_mode="2" />
		<Option compiler="gcc" />
		<Build>
			<Target title="Debug">
				<Option output="bin/Debug/stag" prefix_auto="1" extension_auto="1" />
				<Option object_output="obj/Debug/" />
				<Option type="1" />
				<Option compiler="gcc" />
				<Compiler>
					<Add option="-g" />
				</Compiler>
				<Linker>
					<Add library="sfml-graphics-d" />
					<Add library="sfml-window-d" />
					<Add library="sfml-system-d" />
				</Linker>
			</Target>
			<Target title="Release">
				<Option output="bin/Release/stag" prefix_auto="1" extension_auto="1" />
				<Option object_output="obj/Release/" />
				<Option type="1" />
				<Option compiler="gcc" />
				<Compiler>
					<Add option="-O2" />
				</Compiler>
				<Linker>
					<Add option="-s" />
				</Linker>
			</Target>
			<Environment>
				<Variable name="SFMLDIR" value="C:\Users\jjastad\Documents\CodeBlocks\SFML-2.4.2" />
			</Environment>
		</Build>
		<Compiler>
			<Add option="-Wall" />
			<Add directory="%SFMLDIR%/include" />
		</Compiler>
		<Linker>
			<Add directory="%SFMLDIR%/lib" />
		</Linker>
		<Unit filename="engine.cpp" />
		<Unit filename="engine.hpp" />
		<Unit filename="guiobj.cpp" />
		<Unit filename="guiobj.hpp" />
		<Unit filename="main.cpp" />
		<Unit filename="mouse.cpp" />
		<Unit filename="mouse.hpp" />
		<Unit filename="node.cpp" />
		<Unit filename="node.hpp" />
		<Unit filename="pin.cpp" />
		<Unit filename="pin.hpp" />
		<Unit filename="stagobj.cpp" />
		<Unit filename="stagobj.hpp" />
		<Extensions>
			<code_completion />
			<envvars />
			<debugger />
			<lib_finder disable_auto="1" />
		</Extensions>
	</Project>
</CodeBlocks_project_file>
